
Microsoft Visual Studio Solution File, Format Version 12.00
# Visual Studio 2012
Project("{F2A71F9B-5D33-465A-A702-920D77279786}") = "outputter", "outputter\outputter.fsproj", "{2B29720E-799A-484E-920D-63077BB13950}"
EndProject
Global
	GlobalSection(SolutionConfigurationPlatforms) = preSolution
		Debug|Any CPU = Debug|Any CPU
		Release|Any CPU = Release|Any CPU
	EndGlobalSection
	GlobalSection(ProjectConfigurationPlatforms) = postSolution
		{2B29720E-799A-484E-920D-63077BB13950}.Debug|Any CPU.ActiveCfg = Debug|Any CPU
		{2B29720E-799A-484E-920D-63077BB13950}.Debug|Any CPU.Build.0 = Debug|Any CPU
		{2B29720E-799A-484E-920D-63077BB13950}.Release|Any CPU.ActiveCfg = Release|Any CPU
		{2B29720E-799A-484E-920D-63077BB13950}.Release|Any CPU.Build.0 = Release|Any CPU
	EndGlobalSection
	GlobalSection(SolutionProperties) = preSolution
		HideSolutionNode = FALSE
	EndGlobalSection
EndGlobal
